version = 1
revision = 2
requires-python = ">=3.12"

[[package]]
name = "blinker"
version = "1.9.0"
source = { registry = "https://pypi.org/simple" }
sdist = { url = "https://files.pythonhosted.org/packages/21/28/9b3f50ce0e048515135495f198351908d99540d69bfdc8c1d15b73dc55ce/blinker-1.9.0.tar.gz", hash = "sha256:b4ce2265a7abece45e7cc896e98dbebe6cead56bcf805a3d23136d145f5445bf", size = 22460, upload-time = "2024-11-08T17:25:47.436Z" }
wheels = [
    { url = "https://files.pythonhosted.org/packages/10/cb/f2ad4230dc2eb1a74edf38f1a38b9b52277f75bef262d8908e60d957e13c/blinker-1.9.0-py3-none-any.whl", hash = "sha256:ba0efaa9080b619ff2f3459d1d500c57bddea4a6b424b60a91141db6fd2f08bc", size = 8458, upload-time = "2024-11-08T17:25:46.184Z" },
]

[[package]]
name = "click"
version = "8.2.1"
source = { registry = "https://pypi.org/simple" }
dependencies = [
    { name = "colorama", marker = "sys_platform == 'win32'" },
]
sdist = { url = "https://files.pythonhosted.org/packages/60/6c/8ca2efa64cf75a977a0d7fac081354553ebe483345c734fb6b6515d96bbc/click-8.2.1.tar.gz", hash = "sha256:27c491cc05d968d271d5a1db13e3b5a184636d9d930f148c50b038f0d0646202", size = 286342, upload-time = "2025-05-20T23:19:49.832Z" }
wheels = [
    { url = "https://files.pythonhosted.org/packages/85/32/10bb5764d90a8eee674e9dc6f4db6a0ab47c8c4d0d83c27f7c39ac415a4d/click-8.2.1-py3-none-any.whl", hash = "sha256:61a3265b914e850b85317d0b3109c7f8cd35a670f963866005d6ef1d5175a12b", size = 102215, upload-time = "2025-05-20T23:19:47.796Z" },
]

[[package]]
name = "colorama"
version = "0.4.6"
source = { registry = "https://pypi.org/simple" }
sdist = { url = "https://files.pythonhosted.org/packages/d8/53/6f443c9a4a8358a93a6792e2acffb9d9d5cb0a5cfd8802644b7b1c9a02e4/colorama-0.4.6.tar.gz", hash = "sha256:08695f5cb7ed6e0531a20572697297273c47b8cae5a63ffc6d6ed5c201be6e44", size = 27697, upload-time = "2022-10-25T02:36:22.414Z" }
wheels = [
    { url = "https://files.pythonhosted.org/packages/d1/d6/3965ed04c63042e047cb6a3e6ed1a63a35087b6a609aa3a15ed8ac56c221/colorama-0.4.6-py2.py3-none-any.whl", hash = "sha256:4f1d9991f5acc0ca119f9d443620b77f9d6b33703e51011c16baf57afb285fc6", size = 25335, upload-time = "2022-10-25T02:36:20.889Z" },
]

[[package]]
name = "flask"
version = "3.1.1"
source = { registry = "https://pypi.org/simple" }
dependencies = [
    { name = "blinker" },
    { name = "click" },
    { name = "itsdangerous" },
    { name = "jinja2" },
    { name = "markupsafe" },
    { name = "werkzeug" },
]
sdist = { url = "https://files.pythonhosted.org/packages/c0/de/e47735752347f4128bcf354e0da07ef311a78244eba9e3dc1d4a5ab21a98/flask-3.1.1.tar.gz", hash = "sha256:284c7b8f2f58cb737f0cf1c30fd7eaf0ccfcde196099d24ecede3fc2005aa59e", size = 753440, upload-time = "2025-05-13T15:01:17.447Z" }
wheels = [
    { url = "https://files.pythonhosted.org/packages/3d/68/9d4508e893976286d2ead7f8f571314af6c2037af34853a30fd769c02e9d/flask-3.1.1-py3-none-any.whl", hash = "sha256:07aae2bb5eaf77993ef57e357491839f5fd9f4dc281593a81a9e4d79a24f295c", size = 103305, upload-time = "2025-05-13T15:01:15.591Z" },
]

[[package]]
name = "itsdangerous"
version = "2.2.0"
source = { registry = "https://pypi.org/simple" }
sdist = { url = "https://files.pythonhosted.org/packages/9c/cb/8ac0172223afbccb63986cc25049b154ecfb5e85932587206f42317be31d/itsdangerous-2.2.0.tar.gz", hash = "sha256:e0050c0b7da1eea53ffaf149c0cfbb5c6e2e2b69c4bef22c81fa6eb73e5f6173", size = 54410, upload-time = "2024-04-16T21:28:15.614Z" }
wheels = [
    { url = "https://files.pythonhosted.org/packages/04/96/92447566d16df59b2a776c0fb82dbc4d9e07cd95062562af01e408583fc4/itsdangerous-2.2.0-py3-none-any.whl", hash = "sha256:c6242fc49e35958c8b15141343aa660db5fc54d4f13a1db01a3f5891b98700ef", size = 16234, upload-time = "2024-04-16T21:28:14.499Z" },
]

[[package]]
name = "jinja2"
version = "3.1.6"
source = { registry = "https://pypi.org/simple" }
dependencies = [
    { name = "markupsafe" },
]
sdist = { url = "https://files.pythonhosted.org/packages/df/bf/f7da0350254c0ed7c72f3e33cef02e048281fec7ecec5f032d4aac52226b/jinja2-3.1.6.tar.gz", hash = "sha256:0137fb05990d35f1275a587e9aee6d56da821fc83491a0fb838183be43f66d6d", size = 245115, upload-time = "2025-03-05T20:05:02.478Z" }
wheels = [
    { url = "https://files.pythonhosted.org/packages/62/a1/3d680cbfd5f4b8f15abc1d571870c5fc3e594bb582bc3b64ea099db13e56/jinja2-3.1.6-py3-none-any.whl", hash = "sha256:85ece4451f492d0c13c5dd7c13a64681a86afae63a5f347908daf103ce6d2f67", size = 134899, upload-time = "2025-03-05T20:05:00.369Z" },
]

[[package]]
name = "markupsafe"
version = "3.0.2"
source = { registry = "https://pypi.org/simple" }
sdist = { url = "https://files.pythonhosted.org/packages/b2/97/5d42485e71dfc078108a86d6de8fa46db44a1a9295e89c5d6d4a06e23a62/markupsafe-3.0.2.tar.gz", hash = "sha256:ee55d3edf80167e48ea11a923c7386f4669df67d7994554387f84e7d8b0a2bf0", size = 20537, upload-time = "2024-10-18T15:21:54.129Z" }
wheels = [
    { url = "https://files.pythonhosted.org/packages/22/09/d1f21434c97fc42f09d290cbb6350d44eb12f09cc62c9476effdb33a18aa/MarkupSafe-3.0.2-cp312-cp312-macosx_10_13_universal2.whl", hash = "sha256:9778bd8ab0a994ebf6f84c2b949e65736d5575320a17ae8984a77fab08db94cf", size = 14274, upload-time = "2024-10-18T15:21:13.777Z" },
    { url = "https://files.pythonhosted.org/packages/6b/b0/18f76bba336fa5aecf79d45dcd6c806c280ec44538b3c13671d49099fdd0/MarkupSafe-3.0.2-cp312-cp312-macosx_11_0_arm64.whl", hash = "sha256:846ade7b71e3536c4e56b386c2a47adf5741d2d8b94ec9dc3e92e5e1ee1e2225", size = 12348, upload-time = "2024-10-18T15:21:14.822Z" },
    { url = "https://files.pythonhosted.org/packages/e0/25/dd5c0f6ac1311e9b40f4af06c78efde0f3b5cbf02502f8ef9501294c425b/MarkupSafe-3.0.2-cp312-cp312-manylinux_2_17_aarch64.manylinux2014_aarch64.whl", hash = "sha256:1c99d261bd2d5f6b59325c92c73df481e05e57f19837bdca8413b9eac4bd8028", size = 24149, upload-time = "2024-10-18T15:21:15.642Z" },
    { url = "https://files.pythonhosted.org/packages/f3/f0/89e7aadfb3749d0f52234a0c8c7867877876e0a20b60e2188e9850794c17/MarkupSafe-3.0.2-cp312-cp312-manylinux_2_17_x86_64.manylinux2014_x86_64.whl", hash = "sha256:e17c96c14e19278594aa4841ec148115f9c7615a47382ecb6b82bd8fea3ab0c8", size = 23118, upload-time = "2024-10-18T15:21:17.133Z" },
    { url = "https://files.pythonhosted.org/packages/d5/da/f2eeb64c723f5e3777bc081da884b414671982008c47dcc1873d81f625b6/MarkupSafe-3.0.2-cp312-cp312-manylinux_2_5_i686.manylinux1_i686.manylinux_2_17_i686.manylinux2014_i686.whl", hash = "sha256:88416bd1e65dcea10bc7569faacb2c20ce071dd1f87539ca2ab364bf6231393c", size = 22993, upload-time = "2024-10-18T15:21:18.064Z" },
    { url = "https://files.pythonhosted.org/packages/da/0e/1f32af846df486dce7c227fe0f2398dc7e2e51d4a370508281f3c1c5cddc/MarkupSafe-3.0.2-cp312-cp312-musllinux_1_2_aarch64.whl", hash = "sha256:2181e67807fc2fa785d0592dc2d6206c019b9502410671cc905d132a92866557", size = 24178, upload-time = "2024-10-18T15:21:18.859Z" },
    { url = "https://files.pythonhosted.org/packages/c4/f6/bb3ca0532de8086cbff5f06d137064c8410d10779c4c127e0e47d17c0b71/MarkupSafe-3.0.2-cp312-cp312-musllinux_1_2_i686.whl", hash = "sha256:52305740fe773d09cffb16f8ed0427942901f00adedac82ec8b67752f58a1b22", size = 23319, upload-time = "2024-10-18T15:21:19.671Z" },
    { url = "https://files.pythonhosted.org/packages/a2/82/8be4c96ffee03c5b4a034e60a31294daf481e12c7c43ab8e34a1453ee48b/MarkupSafe-3.0.2-cp312-cp312-musllinux_1_2_x86_64.whl", hash = "sha256:ad10d3ded218f1039f11a75f8091880239651b52e9bb592ca27de44eed242a48", size = 23352, upload-time = "2024-10-18T15:21:20.971Z" },
    { url = "https://files.pythonhosted.org/packages/51/ae/97827349d3fcffee7e184bdf7f41cd6b88d9919c80f0263ba7acd1bbcb18/MarkupSafe-3.0.2-cp312-cp312-win32.whl", hash = "sha256:0f4ca02bea9a23221c0182836703cbf8930c5e9454bacce27e767509fa286a30", size = 15097, upload-time = "2024-10-18T15:21:22.646Z" },
    { url = "https://files.pythonhosted.org/packages/c1/80/a61f99dc3a936413c3ee4e1eecac96c0da5ed07ad56fd975f1a9da5bc630/MarkupSafe-3.0.2-cp312-cp312-win_amd64.whl", hash = "sha256:8e06879fc22a25ca47312fbe7c8264eb0b662f6db27cb2d3bbbc74b1df4b9b87", size = 15601, upload-time = "2024-10-18T15:21:23.499Z" },
    { url = "https://files.pythonhosted.org/packages/83/0e/67eb10a7ecc77a0c2bbe2b0235765b98d164d81600746914bebada795e97/MarkupSafe-3.0.2-cp313-cp313-macosx_10_13_universal2.whl", hash = "sha256:ba9527cdd4c926ed0760bc301f6728ef34d841f405abf9d4f959c478421e4efd", size = 14274, upload-time = "2024-10-18T15:21:24.577Z" },
    { url = "https://files.pythonhosted.org/packages/2b/6d/9409f3684d3335375d04e5f05744dfe7e9f120062c9857df4ab490a1031a/MarkupSafe-3.0.2-cp313-cp313-macosx_11_0_arm64.whl", hash = "sha256:f8b3d067f2e40fe93e1ccdd6b2e1d16c43140e76f02fb1319a05cf2b79d99430", size = 12352, upload-time = "2024-10-18T15:21:25.382Z" },
    { url = "https://files.pythonhosted.org/packages/d2/f5/6eadfcd3885ea85fe2a7c128315cc1bb7241e1987443d78c8fe712d03091/MarkupSafe-3.0.2-cp313-cp313-manylinux_2_17_aarch64.manylinux2014_aarch64.whl", hash = "sha256:569511d3b58c8791ab4c2e1285575265991e6d8f8700c7be0e88f86cb0672094", size = 24122, upload-time = "2024-10-18T15:21:26.199Z" },
    { url = "https://files.pythonhosted.org/packages/0c/91/96cf928db8236f1bfab6ce15ad070dfdd02ed88261c2afafd4b43575e9e9/MarkupSafe-3.0.2-cp313-cp313-manylinux_2_17_x86_64.manylinux2014_x86_64.whl", hash = "sha256:15ab75ef81add55874e7ab7055e9c397312385bd9ced94920f2802310c930396", size = 23085, upload-time = "2024-10-18T15:21:27.029Z" },
    { url = "https://files.pythonhosted.org/packages/c2/cf/c9d56af24d56ea04daae7ac0940232d31d5a8354f2b457c6d856b2057d69/MarkupSafe-3.0.2-cp313-cp313-manylinux_2_5_i686.manylinux1_i686.manylinux_2_17_i686.manylinux2014_i686.whl", hash = "sha256:f3818cb119498c0678015754eba762e0d61e5b52d34c8b13d770f0719f7b1d79", size = 22978, upload-time = "2024-10-18T15:21:27.846Z" },
    { url = "https://files.pythonhosted.org/packages/2a/9f/8619835cd6a711d6272d62abb78c033bda638fdc54c4e7f4272cf1c0962b/MarkupSafe-3.0.2-cp313-cp313-musllinux_1_2_aarch64.whl", hash = "sha256:cdb82a876c47801bb54a690c5ae105a46b392ac6099881cdfb9f6e95e4014c6a", size = 24208, upload-time = "2024-10-18T15:21:28.744Z" },
    { url = "https://files.pythonhosted.org/packages/f9/bf/176950a1792b2cd2102b8ffeb5133e1ed984547b75db47c25a67d3359f77/MarkupSafe-3.0.2-cp313-cp313-musllinux_1_2_i686.whl", hash = "sha256:cabc348d87e913db6ab4aa100f01b08f481097838bdddf7c7a84b7575b7309ca", size = 23357, upload-time = "2024-10-18T15:21:29.545Z" },
    { url = "https://files.pythonhosted.org/packages/ce/4f/9a02c1d335caabe5c4efb90e1b6e8ee944aa245c1aaaab8e8a618987d816/MarkupSafe-3.0.2-cp313-cp313-musllinux_1_2_x86_64.whl", hash = "sha256:444dcda765c8a838eaae23112db52f1efaf750daddb2d9ca300bcae1039adc5c", size = 23344, upload-time = "2024-10-18T15:21:30.366Z" },
    { url = "https://files.pythonhosted.org/packages/ee/55/c271b57db36f748f0e04a759ace9f8f759ccf22b4960c270c78a394f58be/MarkupSafe-3.0.2-cp313-cp313-win32.whl", hash = "sha256:bcf3e58998965654fdaff38e58584d8937aa3096ab5354d493c77d1fdd66d7a1", size = 15101, upload-time = "2024-10-18T15:21:31.207Z" },
    { url = "https://files.pythonhosted.org/packages/29/88/07df22d2dd4df40aba9f3e402e6dc1b8ee86297dddbad4872bd5e7b0094f/MarkupSafe-3.0.2-cp313-cp313-win_amd64.whl", hash = "sha256:e6a2a455bd412959b57a172ce6328d2dd1f01cb2135efda2e4576e8a23fa3b0f", size = 15603, upload-time = "2024-10-18T15:21:32.032Z" },
    { url = "https://files.pythonhosted.org/packages/62/6a/8b89d24db2d32d433dffcd6a8779159da109842434f1dd2f6e71f32f738c/MarkupSafe-3.0.2-cp313-cp313t-macosx_10_13_universal2.whl", hash = "sha256:b5a6b3ada725cea8a5e634536b1b01c30bcdcd7f9c6fff4151548d5bf6b3a36c", size = 14510, upload-time = "2024-10-18T15:21:33.625Z" },
    { url = "https://files.pythonhosted.org/packages/7a/06/a10f955f70a2e5a9bf78d11a161029d278eeacbd35ef806c3fd17b13060d/MarkupSafe-3.0.2-cp313-cp313t-macosx_11_0_arm64.whl", hash = "sha256:a904af0a6162c73e3edcb969eeeb53a63ceeb5d8cf642fade7d39e7963a22ddb", size = 12486, upload-time = "2024-10-18T15:21:34.611Z" },
    { url = "https://files.pythonhosted.org/packages/34/cf/65d4a571869a1a9078198ca28f39fba5fbb910f952f9dbc5220afff9f5e6/MarkupSafe-3.0.2-cp313-cp313t-manylinux_2_17_aarch64.manylinux2014_aarch64.whl", hash = "sha256:4aa4e5faecf353ed117801a068ebab7b7e09ffb6e1d5e412dc852e0da018126c", size = 25480, upload-time = "2024-10-18T15:21:35.398Z" },
    { url = "https://files.pythonhosted.org/packages/0c/e3/90e9651924c430b885468b56b3d597cabf6d72be4b24a0acd1fa0e12af67/MarkupSafe-3.0.2-cp313-cp313t-manylinux_2_17_x86_64.manylinux2014_x86_64.whl", hash = "sha256:c0ef13eaeee5b615fb07c9a7dadb38eac06a0608b41570d8ade51c56539e509d", size = 23914, upload-time = "2024-10-18T15:21:36.231Z" },
    { url = "https://files.pythonhosted.org/packages/66/8c/6c7cf61f95d63bb866db39085150df1f2a5bd3335298f14a66b48e92659c/MarkupSafe-3.0.2-cp313-cp313t-manylinux_2_5_i686.manylinux1_i686.manylinux_2_17_i686.manylinux2014_i686.whl", hash = "sha256:d16a81a06776313e817c951135cf7340a3e91e8c1ff2fac444cfd75fffa04afe", size = 23796, upload-time = "2024-10-18T15:21:37.073Z" },
    { url = "https://files.pythonhosted.org/packages/bb/35/cbe9238ec3f47ac9a7c8b3df7a808e7cb50fe149dc7039f5f454b3fba218/MarkupSafe-3.0.2-cp313-cp313t-musllinux_1_2_aarch64.whl", hash = "sha256:6381026f158fdb7c72a168278597a5e3a5222e83ea18f543112b2662a9b699c5", size = 25473, upload-time = "2024-10-18T15:21:37.932Z" },
    { url = "https://files.pythonhosted.org/packages/e6/32/7621a4382488aa283cc05e8984a9c219abad3bca087be9ec77e89939ded9/MarkupSafe-3.0.2-cp313-cp313t-musllinux_1_2_i686.whl", hash = "sha256:3d79d162e7be8f996986c064d1c7c817f6df3a77fe3d6859f6f9e7be4b8c213a", size = 24114, upload-time = "2024-10-18T15:21:39.799Z" },
    { url = "https://files.pythonhosted.org/packages/0d/80/0985960e4b89922cb5a0bac0ed39c5b96cbc1a536a99f30e8c220a996ed9/MarkupSafe-3.0.2-cp313-cp313t-musllinux_1_2_x86_64.whl", hash = "sha256:131a3c7689c85f5ad20f9f6fb1b866f402c445b220c19fe4308c0b147ccd2ad9", size = 24098, upload-time = "2024-10-18T15:21:40.813Z" },
    { url = "https://files.pythonhosted.org/packages/82/78/fedb03c7d5380df2427038ec8d973587e90561b2d90cd472ce9254cf348b/MarkupSafe-3.0.2-cp313-cp313t-win32.whl", hash = "sha256:ba8062ed2cf21c07a9e295d5b8a2a5ce678b913b45fdf68c32d95d6c1291e0b6", size = 15208, upload-time = "2024-10-18T15:21:41.814Z" },
    { url = "https://files.pythonhosted.org/packages/4f/65/6079a46068dfceaeabb5dcad6d674f5f5c61a6fa5673746f42a9f4c233b3/MarkupSafe-3.0.2-cp313-cp313t-win_amd64.whl", hash = "sha256:e444a31f8db13eb18ada366ab3cf45fd4b31e4db1236a4448f68778c1d1a5a2f", size = 15739, upload-time = "2024-10-18T15:21:42.784Z" },
]

[[package]]
name = "orjson"
version = "3.10.18"
source = { registry = "https://pypi.org/simple" }
sdist = { url = "https://files.pythonhosted.org/packages/81/0b/fea456a3ffe74e70ba30e01ec183a9b26bec4d497f61dcfce1b601059c60/orjson-3.10.18.tar.gz", hash = "sha256:e8da3947d92123eda795b68228cafe2724815621fe35e8e320a9e9593a4bcd53", size = 5422810, upload-time = "2025-04-29T23:30:08.423Z" }
wheels = [
    { url = "https://files.pythonhosted.org/packages/21/1a/67236da0916c1a192d5f4ccbe10ec495367a726996ceb7614eaa687112f2/orjson-3.10.18-cp312-cp312-macosx_10_15_x86_64.macosx_11_0_arm64.macosx_10_15_universal2.whl", hash = "sha256:50c15557afb7f6d63bc6d6348e0337a880a04eaa9cd7c9d569bcb4e760a24753", size = 249184, upload-time = "2025-04-29T23:28:53.612Z" },
    { url = "https://files.pythonhosted.org/packages/b3/bc/c7f1db3b1d094dc0c6c83ed16b161a16c214aaa77f311118a93f647b32dc/orjson-3.10.18-cp312-cp312-macosx_15_0_arm64.whl", hash = "sha256:356b076f1662c9813d5fa56db7d63ccceef4c271b1fb3dd522aca291375fcf17", size = 133279, upload-time = "2025-04-29T23:28:55.055Z" },
    { url = "https://files.pythonhosted.org/packages/af/84/664657cd14cc11f0d81e80e64766c7ba5c9b7fc1ec304117878cc1b4659c/orjson-3.10.18-cp312-cp312-manylinux_2_17_aarch64.manylinux2014_aarch64.whl", hash = "sha256:559eb40a70a7494cd5beab2d73657262a74a2c59aff2068fdba8f0424ec5b39d", size = 136799, upload-time = "2025-04-29T23:28:56.828Z" },
    { url = "https://files.pythonhosted.org/packages/9a/bb/f50039c5bb05a7ab024ed43ba25d0319e8722a0ac3babb0807e543349978/orjson-3.10.18-cp312-cp312-manylinux_2_17_armv7l.manylinux2014_armv7l.whl", hash = "sha256:f3c29eb9a81e2fbc6fd7ddcfba3e101ba92eaff455b8d602bf7511088bbc0eae", size = 132791, upload-time = "2025-04-29T23:28:58.751Z" },
    { url = "https://files.pythonhosted.org/packages/93/8c/ee74709fc072c3ee219784173ddfe46f699598a1723d9d49cbc78d66df65/orjson-3.10.18-cp312-cp312-manylinux_2_17_i686.manylinux2014_i686.whl", hash = "sha256:6612787e5b0756a171c7d81ba245ef63a3533a637c335aa7fcb8e665f4a0966f", size = 137059, upload-time = "2025-04-29T23:29:00.129Z" },
    { url = "https://files.pythonhosted.org/packages/6a/37/e6d3109ee004296c80426b5a62b47bcadd96a3deab7443e56507823588c5/orjson-3.10.18-cp312-cp312-manylinux_2_17_ppc64le.manylinux2014_ppc64le.whl", hash = "sha256:7ac6bd7be0dcab5b702c9d43d25e70eb456dfd2e119d512447468f6405b4a69c", size = 138359, upload-time = "2025-04-29T23:29:01.704Z" },
    { url = "https://files.pythonhosted.org/packages/4f/5d/387dafae0e4691857c62bd02839a3bf3fa648eebd26185adfac58d09f207/orjson-3.10.18-cp312-cp312-manylinux_2_17_s390x.manylinux2014_s390x.whl", hash = "sha256:9f72f100cee8dde70100406d5c1abba515a7df926d4ed81e20a9730c062fe9ad", size = 142853, upload-time = "2025-04-29T23:29:03.576Z" },
    { url = "https://files.pythonhosted.org/packages/27/6f/875e8e282105350b9a5341c0222a13419758545ae32ad6e0fcf5f64d76aa/orjson-3.10.18-cp312-cp312-manylinux_2_17_x86_64.manylinux2014_x86_64.whl", hash = "sha256:9dca85398d6d093dd41dc0983cbf54ab8e6afd1c547b6b8a311643917fbf4e0c", size = 133131, upload-time = "2025-04-29T23:29:05.753Z" },
    { url = "https://files.pythonhosted.org/packages/48/b2/73a1f0b4790dcb1e5a45f058f4f5dcadc8a85d90137b50d6bbc6afd0ae50/orjson-3.10.18-cp312-cp312-musllinux_1_2_aarch64.whl", hash = "sha256:22748de2a07fcc8781a70edb887abf801bb6142e6236123ff93d12d92db3d406", size = 134834, upload-time = "2025-04-29T23:29:07.35Z" },
    { url = "https://files.pythonhosted.org/packages/56/f5/7ed133a5525add9c14dbdf17d011dd82206ca6840811d32ac52a35935d19/orjson-3.10.18-cp312-cp312-musllinux_1_2_armv7l.whl", hash = "sha256:3a83c9954a4107b9acd10291b7f12a6b29e35e8d43a414799906ea10e75438e6", size = 413368, upload-time = "2025-04-29T23:29:09.301Z" },
    { url = "https://files.pythonhosted.org/packages/11/7c/439654221ed9c3324bbac7bdf94cf06a971206b7b62327f11a52544e4982/orjson-3.10.18-cp312-cp312-musllinux_1_2_i686.whl", hash = "sha256:303565c67a6c7b1f194c94632a4a39918e067bd6176a48bec697393865ce4f06", size = 153359, upload-time = "2025-04-29T23:29:10.813Z" },
    { url = "https://files.pythonhosted.org/packages/48/e7/d58074fa0cc9dd29a8fa2a6c8d5deebdfd82c6cfef72b0e4277c4017563a/orjson-3.10.18-cp312-cp312-musllinux_1_2_x86_64.whl", hash = "sha256:86314fdb5053a2f5a5d881f03fca0219bfdf832912aa88d18676a5175c6916b5", size = 137466, upload-time = "2025-04-29T23:29:12.26Z" },
    { url = "https://files.pythonhosted.org/packages/57/4d/fe17581cf81fb70dfcef44e966aa4003360e4194d15a3f38cbffe873333a/orjson-3.10.18-cp312-cp312-win32.whl", hash = "sha256:187ec33bbec58c76dbd4066340067d9ece6e10067bb0cc074a21ae3300caa84e", size = 142683, upload-time = "2025-04-29T23:29:13.865Z" },
    { url = "https://files.pythonhosted.org/packages/e6/22/469f62d25ab5f0f3aee256ea732e72dc3aab6d73bac777bd6277955bceef/orjson-3.10.18-cp312-cp312-win_amd64.whl", hash = "sha256:f9f94cf6d3f9cd720d641f8399e390e7411487e493962213390d1ae45c7814fc", size = 134754, upload-time = "2025-04-29T23:29:15.338Z" },
    { url = "https://files.pythonhosted.org/packages/10/b0/1040c447fac5b91bc1e9c004b69ee50abb0c1ffd0d24406e1350c58a7fcb/orjson-3.10.18-cp312-cp312-win_arm64.whl", hash = "sha256:3d600be83fe4514944500fa8c2a0a77099025ec6482e8087d7659e891f23058a", size = 131218, upload-time = "2025-04-29T23:29:17.324Z" },
    { url = "https://files.pythonhosted.org/packages/04/f0/8aedb6574b68096f3be8f74c0b56d36fd94bcf47e6c7ed47a7bd1474aaa8/orjson-3.10.18-cp313-cp313-macosx_10_15_x86_64.macosx_11_0_arm64.macosx_10_15_universal2.whl", hash = "sha256:69c34b9441b863175cc6a01f2935de994025e773f814412030f269da4f7be147", size = 249087, upload-time = "2025-04-29T23:29:19.083Z" },
    { url = "https://files.pythonhosted.org/packages/bc/f7/7118f965541aeac6844fcb18d6988e111ac0d349c9b80cda53583e758908/orjson-3.10.18-cp313-cp313-macosx_15_0_arm64.whl", hash = "sha256:1ebeda919725f9dbdb269f59bc94f861afbe2a27dce5608cdba2d92772364d1c", size = 133273, upload-time = "2025-04-29T23:29:20.602Z" },
    { url = "https://files.pythonhosted.org/packages/fb/d9/839637cc06eaf528dd8127b36004247bf56e064501f68df9ee6fd56a88ee/orjson-3.10.18-cp313-cp313-manylinux_2_17_aarch64.manylinux2014_aarch64.whl", hash = "sha256:5adf5f4eed520a4959d29ea80192fa626ab9a20b2ea13f8f6dc58644f6927103", size = 136779, upload-time = "2025-04-29T23:29:22.062Z" },
    { url = "https://files.pythonhosted.org/packages/2b/6d/f226ecfef31a1f0e7d6bf9a31a0bbaf384c7cbe3fce49cc9c2acc51f902a/orjson-3.10.18-cp313-cp313-manylinux_2_17_armv7l.manylinux2014_armv7l.whl", hash = "sha256:7592bb48a214e18cd670974f289520f12b7aed1fa0b2e2616b8ed9e069e08595", size = 132811, upload-time = "2025-04-29T23:29:23.602Z" },
    { url = "https://files.pythonhosted.org/packages/73/2d/371513d04143c85b681cf8f3bce743656eb5b640cb1f461dad750ac4b4d4/orjson-3.10.18-cp313-cp313-manylinux_2_17_i686.manylinux2014_i686.whl", hash = "sha256:f872bef9f042734110642b7a11937440797ace8c87527de25e0c53558b579ccc", size = 137018, upload-time = "2025-04-29T23:29:25.094Z" },
    { url = "https://files.pythonhosted.org/packages/69/cb/a4d37a30507b7a59bdc484e4a3253c8141bf756d4e13fcc1da760a0b00cb/orjson-3.10.18-cp313-cp313-manylinux_2_17_ppc64le.manylinux2014_ppc64le.whl", hash = "sha256:0315317601149c244cb3ecef246ef5861a64824ccbcb8018d32c66a60a84ffbc", size = 138368, upload-time = "2025-04-29T23:29:26.609Z" },
    { url = "https://files.pythonhosted.org/packages/1e/ae/cd10883c48d912d216d541eb3db8b2433415fde67f620afe6f311f5cd2ca/orjson-3.10.18-cp313-cp313-manylinux_2_17_s390x.manylinux2014_s390x.whl", hash = "sha256:e0da26957e77e9e55a6c2ce2e7182a36a6f6b180ab7189315cb0995ec362e049", size = 142840, upload-time = "2025-04-29T23:29:28.153Z" },
    { url = "https://files.pythonhosted.org/packages/6d/4c/2bda09855c6b5f2c055034c9eda1529967b042ff8d81a05005115c4e6772/orjson-3.10.18-cp313-cp313-manylinux_2_17_x86_64.manylinux2014_x86_64.whl", hash = "sha256:bb70d489bc79b7519e5803e2cc4c72343c9dc1154258adf2f8925d0b60da7c58", size = 133135, upload-time = "2025-04-29T23:29:29.726Z" },
    { url = "https://files.pythonhosted.org/packages/13/4a/35971fd809a8896731930a80dfff0b8ff48eeb5d8b57bb4d0d525160017f/orjson-3.10.18-cp313-cp313-musllinux_1_2_aarch64.whl", hash = "sha256:e9e86a6af31b92299b00736c89caf63816f70a4001e750bda179e15564d7a034", size = 134810, upload-time = "2025-04-29T23:29:31.269Z" },
    { url = "https://files.pythonhosted.org/packages/99/70/0fa9e6310cda98365629182486ff37a1c6578e34c33992df271a476ea1cd/orjson-3.10.18-cp313-cp313-musllinux_1_2_armv7l.whl", hash = "sha256:c382a5c0b5931a5fc5405053d36c1ce3fd561694738626c77ae0b1dfc0242ca1", size = 413491, upload-time = "2025-04-29T23:29:33.315Z" },
    { url = "https://files.pythonhosted.org/packages/32/cb/990a0e88498babddb74fb97855ae4fbd22a82960e9b06eab5775cac435da/orjson-3.10.18-cp313-cp313-musllinux_1_2_i686.whl", hash = "sha256:8e4b2ae732431127171b875cb2668f883e1234711d3c147ffd69fe5be51a8012", size = 153277, upload-time = "2025-04-29T23:29:34.946Z" },
    { url = "https://files.pythonhosted.org/packages/92/44/473248c3305bf782a384ed50dd8bc2d3cde1543d107138fd99b707480ca1/orjson-3.10.18-cp313-cp313-musllinux_1_2_x86_64.whl", hash = "sha256:2d808e34ddb24fc29a4d4041dcfafbae13e129c93509b847b14432717d94b44f", size = 137367, upload-time = "2025-04-29T23:29:36.52Z" },
    { url = "https://files.pythonhosted.org/packages/ad/fd/7f1d3edd4ffcd944a6a40e9f88af2197b619c931ac4d3cfba4798d4d3815/orjson-3.10.18-cp313-cp313-win32.whl", hash = "sha256:ad8eacbb5d904d5591f27dee4031e2c1db43d559edb8f91778efd642d70e6bea", size = 142687, upload-time = "2025-04-29T23:29:38.292Z" },
    { url = "https://files.pythonhosted.org/packages/4b/03/c75c6ad46be41c16f4cfe0352a2d1450546f3c09ad2c9d341110cd87b025/orjson-3.10.18-cp313-cp313-win_amd64.whl", hash = "sha256:aed411bcb68bf62e85588f2a7e03a6082cc42e5a2796e06e72a962d7c6310b52", size = 134794, upload-time = "2025-04-29T23:29:40.349Z" },
    { url = "https://files.pythonhosted.org/packages/c2/28/f53038a5a72cc4fd0b56c1eafb4ef64aec9685460d5ac34de98ca78b6e29/orjson-3.10.18-cp313-cp313-win_arm64.whl", hash = "sha256:f54c1385a0e6aba2f15a40d703b858bedad36ded0491e55d35d905b2c34a4cc3", size = 131186, upload-time = "2025-04-29T23:29:41.922Z" },
]

[[package]]
name = "polars"
version = "1.30.0"
source = { registry = "https://pypi.org/simple" }
sdist = { url = "https://files.pythonhosted.org/packages/82/b6/8dbdf626c0705a57f052708c9fc0860ffc2aa97955930d5faaf6a66fcfd3/polars-1.30.0.tar.gz", hash = "sha256:dfe94ae84a5efd9ba74e616e3e125b24ca155494a931890a8f17480737c4db45", size = 4668318, upload-time = "2025-05-21T13:33:24.175Z" }
wheels = [
    { url = "https://files.pythonhosted.org/packages/40/48/e9b2cb379abcc9f7aff2e701098fcdb9fe6d85dc4ad4cec7b35d39c70951/polars-1.30.0-cp39-abi3-macosx_10_12_x86_64.whl", hash = "sha256:4c33bc97c29b7112f0e689a2f8a33143973a3ff466c70b25c7fd1880225de6dd", size = 35704342, upload-time = "2025-05-21T13:32:22.996Z" },
    { url = "https://files.pythonhosted.org/packages/36/ca/f545f61282f75eea4dfde4db2944963dcd59abd50c20e33a1c894da44dad/polars-1.30.0-cp39-abi3-macosx_11_0_arm64.whl", hash = "sha256:e3d05914c364b8e39a5b10dcf97e84d76e516b3b1693880bf189a93aab3ca00d", size = 32459857, upload-time = "2025-05-21T13:32:27.728Z" },
    { url = "https://files.pythonhosted.org/packages/76/20/e018cd87d7cb6f8684355f31f4e193222455a6e8f7b942f4a2934f5969c7/polars-1.30.0-cp39-abi3-manylinux_2_17_x86_64.manylinux2014_x86_64.whl", hash = "sha256:1a52af3862082b868c1febeae650af8ae8a2105d2cb28f0449179a7b44f54ccf", size = 36267243, upload-time = "2025-05-21T13:32:31.796Z" },
    { url = "https://files.pythonhosted.org/packages/cb/e7/b88b973021be07b13d91b9301cc14392c994225ef5107a32a8ffd3fd6424/polars-1.30.0-cp39-abi3-manylinux_2_24_aarch64.whl", hash = "sha256:ffb3ef133454275d4254442257c5f71dd6e393ce365c97997dadeb6fa9d6d4b5", size = 33416871, upload-time = "2025-05-21T13:32:35.077Z" },
    { url = "https://files.pythonhosted.org/packages/dd/7c/d46d4381adeac537b8520b653dc30cb8b7edbf59883d71fbb989e9005de1/polars-1.30.0-cp39-abi3-win_amd64.whl", hash = "sha256:c26b633a9bd530c5fc09d317fca3bb3e16c772bd7df7549a9d8ec1934773cc5d", size = 36363630, upload-time = "2025-05-21T13:32:38.286Z" },
    { url = "https://files.pythonhosted.org/packages/fb/b5/5056d0c12aadb57390d0627492bef8b1abf3549474abb9ae0fd4e2bfa885/polars-1.30.0-cp39-abi3-win_arm64.whl", hash = "sha256:476f1bde65bc7b4d9f80af370645c2981b5798d67c151055e58534e89e96f2a8", size = 32643590, upload-time = "2025-05-21T13:32:42.107Z" },
]

[[package]]
name = "server"
version = "0.1.0"
source = { editable = "." }
dependencies = [
    { name = "flask" },
    { name = "orjson" },
    { name = "polars" },
]

[package.metadata]
requires-dist = [
    { name = "flask", specifier = ">=3.1.1" },
    { name = "orjson", specifier = ">=3.10.18" },
    { name = "polars", specifier = ">=1.30.0" },
]

[[package]]
name = "werkzeug"
version = "3.1.3"
source = { registry = "https://pypi.org/simple" }
dependencies = [
    { name = "markupsafe" },
]
sdist = { url = "https://files.pythonhosted.org/packages/9f/69/83029f1f6300c5fb2471d621ab06f6ec6b3324685a2ce0f9777fd4a8b71e/werkzeug-3.1.3.tar.gz", hash = "sha256:60723ce945c19328679790e3282cc758aa4a6040e4bb330f53d30fa546d44746", size = 806925, upload-time = "2024-11-08T15:52:18.093Z" }
wheels = [
    { url = "https://files.pythonhosted.org/packages/52/24/ab44c871b0f07f491e5d2ad12c9bd7358e527510618cb1b803a88e986db1/werkzeug-3.1.3-py3-none-any.whl", hash = "sha256:54b78bf3716d19a65be4fceccc0d1d7b89e608834989dfae50ea87564639213e", size = 224498, upload-time = "2024-11-08T15:52:16.132Z" },
]
